
Microsoft Visual Studio Solution File, Format Version 12.00
# Visual Studio 15
VisualStudioVersion = 15.0.28010.2026
MinimumVisualStudioVersion = 10.0.40219.1
Project("{FAE04EC0-301F-11D3-BF4B-00C04F79EFBC}") = "InfoRouterRenamerator", "InfoRouterRenamerator\InfoRouterRenamerator.csproj", "{E477DE5D-F7AE-4D3E-814A-84215482F4F5}"
EndProject
Global
	GlobalSection(SolutionConfigurationPlatforms) = preSolution
		Debug|Any CPU = Debug|Any CPU
		Release|Any CPU = Release|Any CPU
	EndGlobalSection
	GlobalSection(ProjectConfigurationPlatforms) = postSolution
		{E477DE5D-F7AE-4D3E-814A-84215482F4F5}.Debug|Any CPU.ActiveCfg = Debug|Any CPU
		{E477DE5D-F7AE-4D3E-814A-84215482F4F5}.Debug|Any CPU.Build.0 = Debug|Any CPU
		{E477DE5D-F7AE-4D3E-814A-84215482F4F5}.Release|Any CPU.ActiveCfg = Release|Any CPU
		{E477DE5D-F7AE-4D3E-814A-84215482F4F5}.Release|Any CPU.Build.0 = Release|Any CPU
	EndGlobalSection
	GlobalSection(SolutionProperties) = preSolution
		HideSolutionNode = FALSE
	EndGlobalSection
	GlobalSection(ExtensibilityGlobals) = postSolution
		SolutionGuid = {FD506D4F-8E19-4D0F-AAB5-D4B2A5A4F5BB}
	EndGlobalSection
EndGlobal
